
Microsoft Visual Studio Solution File, Format Version 12.00
# Visual Studio Version 16
VisualStudioVersion = 16.0.29519.87
MinimumVisualStudioVersion = 10.0.40219.1
Project("{FAE04EC0-301F-11D3-BF4B-00C04F79EFBC}") = "MatchingStateCapitals", "MatchingStateCapitals\MatchingStateCapitals.csproj", "{3CCDE527-0850-4E9C-B56E-7496250C7966}"
EndProject
Global
	GlobalSection(SolutionConfigurationPlatforms) = preSolution
		Debug|Any CPU = Debug|Any CPU
		Release|Any CPU = Release|Any CPU
	EndGlobalSection
	GlobalSection(ProjectConfigurationPlatforms) = postSolution
		{3CCDE527-0850-4E9C-B56E-7496250C7966}.Debug|Any CPU.ActiveCfg = Debug|Any CPU
		{3CCDE527-0850-4E9C-B56E-7496250C7966}.Debug|Any CPU.Build.0 = Debug|Any CPU
		{3CCDE527-0850-4E9C-B56E-7496250C7966}.Release|Any CPU.ActiveCfg = Release|Any CPU
		{3CCDE527-0850-4E9C-B56E-7496250C7966}.Release|Any CPU.Build.0 = Release|Any CPU
	EndGlobalSection
	GlobalSection(SolutionProperties) = preSolution
		HideSolutionNode = FALSE
	EndGlobalSection
	GlobalSection(ExtensibilityGlobals) = postSolution
		SolutionGuid = {A84DFE65-FB0E-4BCE-AB05-333934F15EB0}
	EndGlobalSection
EndGlobal
